
Microsoft Visual Studio Solution File, Format Version 12.00
# Visual Studio Version 16
VisualStudioVersion = 16.0.31702.278
MinimumVisualStudioVersion = 10.0.40219.1
Project("{8BC9CEB8-8B4A-11D0-8D11-00A0C91BC942}") = "ShowcaseApp", "ShowcaseApp\ShowcaseApp.vcxproj", "{B1605253-6B8A-4BAE-AB1C-D75077B915A8}"
EndProject
Global
	GlobalSection(SolutionConfigurationPlatforms) = preSolution
		Debug|x64 = Debug|x64
		Debug|x86 = Debug|x86
		Release|x64 = Release|x64
		Release|x86 = Release|x86
	EndGlobalSection
	GlobalSection(ProjectConfigurationPlatforms) = postSolution
		{B1605253-6B8A-4BAE-AB1C-D75077B915A8}.Debug|x64.ActiveCfg = Debug|x64
		{B1605253-6B8A-4BAE-AB1C-D75077B915A8}.Debug|x64.Build.0 = Debug|x64
		{B1605253-6B8A-4BAE-AB1C-D75077B915A8}.Debug|x86.ActiveCfg = Debug|Win32
		{B1605253-6B8A-4BAE-AB1C-D75077B915A8}.Debug|x86.Build.0 = Debug|Win32
		{B1605253-6B8A-4BAE-AB1C-D75077B915A8}.Release|x64.ActiveCfg = Release|x64
		{B1605253-6B8A-4BAE-AB1C-D75077B915A8}.Release|x64.Build.0 = Release|x64
		{B1605253-6B8A-4BAE-AB1C-D75077B915A8}.Release|x86.ActiveCfg = Release|Win32
		{B1605253-6B8A-4BAE-AB1C-D75077B915A8}.Release|x86.Build.0 = Release|Win32
	EndGlobalSection
	GlobalSection(SolutionProperties) = preSolution
		HideSolutionNode = FALSE
	EndGlobalSection
	GlobalSection(ExtensibilityGlobals) = postSolution
		SolutionGuid = {92ABC9B3-7BB7-45AA-A793-7C019369EC7E}
	EndGlobalSection
EndGlobal
